{
    "name": "programadores-para-la-paz-modulo2-semana1-dia1",
    "version": "1.0.0",
    "lockfileVersion": 2,
    "requires": true,
    "packages": {
        "": {
            "name": "programadores-para-la-paz-modulo2-semana1-dia1",
            "version": "1.0.0",
            "license": "MIT"
        }
    }
}
